
Microsoft Visual Studio Solution File, Format Version 12.00
# Visual Studio Version 17
VisualStudioVersion = 17.11.35327.3
MinimumVisualStudioVersion = 10.0.40219.1
Project("{FAE04EC0-301F-11D3-BF4B-00C04F79EFBC}") = "BowlingConsoleApp", "BowlingConsoleApp\BowlingConsoleApp.csproj", "{30A2C67E-0C8D-4ECF-91A3-907C8249F443}"
EndProject
Project("{FAE04EC0-301F-11D3-BF4B-00C04F79EFBC}") = "XUnitBowling", "XUnitBowling\XUnitBowling.csproj", "{5E7E5470-CD14-4EEE-80D0-D57B4E03C4DA}"
EndProject
Global
	GlobalSection(SolutionConfigurationPlatforms) = preSolution
		Debug|Any CPU = Debug|Any CPU
		Release|Any CPU = Release|Any CPU
	EndGlobalSection
	GlobalSection(ProjectConfigurationPlatforms) = postSolution
		{30A2C67E-0C8D-4ECF-91A3-907C8249F443}.Debug|Any CPU.ActiveCfg = Debug|Any CPU
		{30A2C67E-0C8D-4ECF-91A3-907C8249F443}.Debug|Any CPU.Build.0 = Debug|Any CPU
		{30A2C67E-0C8D-4ECF-91A3-907C8249F443}.Release|Any CPU.ActiveCfg = Release|Any CPU
		{30A2C67E-0C8D-4ECF-91A3-907C8249F443}.Release|Any CPU.Build.0 = Release|Any CPU
		{5E7E5470-CD14-4EEE-80D0-D57B4E03C4DA}.Debug|Any CPU.ActiveCfg = Debug|Any CPU
		{5E7E5470-CD14-4EEE-80D0-D57B4E03C4DA}.Debug|Any CPU.Build.0 = Debug|Any CPU
		{5E7E5470-CD14-4EEE-80D0-D57B4E03C4DA}.Release|Any CPU.ActiveCfg = Release|Any CPU
		{5E7E5470-CD14-4EEE-80D0-D57B4E03C4DA}.Release|Any CPU.Build.0 = Release|Any CPU
	EndGlobalSection
	GlobalSection(SolutionProperties) = preSolution
		HideSolutionNode = FALSE
	EndGlobalSection
	GlobalSection(ExtensibilityGlobals) = postSolution
		SolutionGuid = {EB8E6152-FC3F-4FA6-8575-CB0AF5679563}
	EndGlobalSection
EndGlobal
